{
  "originHash" : "405c0c37a200dc7b3b4f87fd84dfc97a1c196e12acc6931268aef78f19918a0e",
  "pins" : [
    {
      "identity" : "featurevisor-swift2",
      "kind" : "remoteSourceControl",
      "location" : "https://github.com/featurevisor/featurevisor-swift2.git",
      "state" : {
        "revision" : "eb550035a6b16b200fca5498824bcc4dd022f5d0",
        "version" : "2.0.0"
      }
    },
    {
      "identity" : "swift-sdk",
      "kind" : "remoteSourceControl",
      "location" : "https://github.com/open-feature/swift-sdk.git",
      "state" : {
        "revision" : "d71686219a65ab78f77923ceb0e2ea549e1e50ef",
        "version" : "0.5.0"
      }
    }
  ],
  "version" : 3
}
